
Microsoft Visual Studio Solution File, Format Version 12.00
# Visual Studio Version 16
VisualStudioVersion = 16.0.30320.27
MinimumVisualStudioVersion = 10.0.40219.1
Project("{9A19103F-16F7-4668-BE54-9A1E7A4F7556}") = "ParagonaSky.Extensions.WinForms.EFCore", "ParagonaSky.Extensions.WinForms.EFCore\ParagonaSky.Extensions.WinForms.EFCore.csproj", "{B5C48885-37AA-4EE4-ADE3-0385870B5F6C}"
EndProject
Project("{9A19103F-16F7-4668-BE54-9A1E7A4F7556}") = "ParagonaSky.Extensions.WinForms.Editor", "ParagonaSky.Extensions.WinForms\ParagonaSky.Extensions.WinForms.Editor.csproj", "{EAC8840A-A855-484B-8014-2EEF5EA86958}"
EndProject
Project("{2150E333-8FDC-42A3-9474-1A3956D46DE8}") = "Tests", "Tests", "{BD6C941F-8C2E-48C5-AF89-B0CDB1215E5C}"
EndProject
Project("{2150E333-8FDC-42A3-9474-1A3956D46DE8}") = "Editor", "Editor", "{E83C72B7-BCF5-420D-8F71-8FA9F5D315E6}"
EndProject
Project("{2150E333-8FDC-42A3-9474-1A3956D46DE8}") = "EFCore", "EFCore", "{D58D4A8F-5B96-40E0-BA8C-0690FC21493F}"
EndProject
Project("{FAE04EC0-301F-11D3-BF4B-00C04F79EFBC}") = "WinForms.EditorTests", "WinForms.EditorTests\WinForms.EditorTests.csproj", "{091AEFAF-872A-49C3-BE77-9DFBBEA87843}"
EndProject
Project("{FAE04EC0-301F-11D3-BF4B-00C04F79EFBC}") = "WinForms.EFCore", "WinForms.EFCore\WinForms.EFCore.csproj", "{FBA948C9-2915-4075-BEEE-2A102066A756}"
EndProject
Project("{2150E333-8FDC-42A3-9474-1A3956D46DE8}") = "External", "External", "{F6BC6B5C-476A-47CA-8044-4B4B84890988}"
EndProject
Project("{9A19103F-16F7-4668-BE54-9A1E7A4F7556}") = "HotelServiceApp", "..\..\HotelService\HotelServiceApp\HotelServiceApp.csproj", "{A923CCEB-97F0-40C2-89DB-AEAA0610FCD7}"
EndProject
Global
	GlobalSection(SolutionConfigurationPlatforms) = preSolution
		Debug|Any CPU = Debug|Any CPU
		Release|Any CPU = Release|Any CPU
	EndGlobalSection
	GlobalSection(ProjectConfigurationPlatforms) = postSolution
		{B5C48885-37AA-4EE4-ADE3-0385870B5F6C}.Debug|Any CPU.ActiveCfg = Debug|Any CPU
		{B5C48885-37AA-4EE4-ADE3-0385870B5F6C}.Debug|Any CPU.Build.0 = Debug|Any CPU
		{B5C48885-37AA-4EE4-ADE3-0385870B5F6C}.Release|Any CPU.ActiveCfg = Release|Any CPU
		{B5C48885-37AA-4EE4-ADE3-0385870B5F6C}.Release|Any CPU.Build.0 = Release|Any CPU
		{EAC8840A-A855-484B-8014-2EEF5EA86958}.Debug|Any CPU.ActiveCfg = Debug|Any CPU
		{EAC8840A-A855-484B-8014-2EEF5EA86958}.Debug|Any CPU.Build.0 = Debug|Any CPU
		{EAC8840A-A855-484B-8014-2EEF5EA86958}.Release|Any CPU.ActiveCfg = Release|Any CPU
		{EAC8840A-A855-484B-8014-2EEF5EA86958}.Release|Any CPU.Build.0 = Release|Any CPU
		{091AEFAF-872A-49C3-BE77-9DFBBEA87843}.Debug|Any CPU.ActiveCfg = Debug|Any CPU
		{091AEFAF-872A-49C3-BE77-9DFBBEA87843}.Debug|Any CPU.Build.0 = Debug|Any CPU
		{091AEFAF-872A-49C3-BE77-9DFBBEA87843}.Release|Any CPU.ActiveCfg = Release|Any CPU
		{091AEFAF-872A-49C3-BE77-9DFBBEA87843}.Release|Any CPU.Build.0 = Release|Any CPU
		{FBA948C9-2915-4075-BEEE-2A102066A756}.Debug|Any CPU.ActiveCfg = Debug|Any CPU
		{FBA948C9-2915-4075-BEEE-2A102066A756}.Debug|Any CPU.Build.0 = Debug|Any CPU
		{FBA948C9-2915-4075-BEEE-2A102066A756}.Release|Any CPU.ActiveCfg = Release|Any CPU
		{FBA948C9-2915-4075-BEEE-2A102066A756}.Release|Any CPU.Build.0 = Release|Any CPU
		{A923CCEB-97F0-40C2-89DB-AEAA0610FCD7}.Debug|Any CPU.ActiveCfg = Debug|Any CPU
		{A923CCEB-97F0-40C2-89DB-AEAA0610FCD7}.Debug|Any CPU.Build.0 = Debug|Any CPU
		{A923CCEB-97F0-40C2-89DB-AEAA0610FCD7}.Release|Any CPU.ActiveCfg = Release|Any CPU
		{A923CCEB-97F0-40C2-89DB-AEAA0610FCD7}.Release|Any CPU.Build.0 = Release|Any CPU
	EndGlobalSection
	GlobalSection(SolutionProperties) = preSolution
		HideSolutionNode = FALSE
	EndGlobalSection
	GlobalSection(NestedProjects) = preSolution
		{E83C72B7-BCF5-420D-8F71-8FA9F5D315E6} = {BD6C941F-8C2E-48C5-AF89-B0CDB1215E5C}
		{D58D4A8F-5B96-40E0-BA8C-0690FC21493F} = {BD6C941F-8C2E-48C5-AF89-B0CDB1215E5C}
		{091AEFAF-872A-49C3-BE77-9DFBBEA87843} = {E83C72B7-BCF5-420D-8F71-8FA9F5D315E6}
		{FBA948C9-2915-4075-BEEE-2A102066A756} = {D58D4A8F-5B96-40E0-BA8C-0690FC21493F}
		{A923CCEB-97F0-40C2-89DB-AEAA0610FCD7} = {F6BC6B5C-476A-47CA-8044-4B4B84890988}
	EndGlobalSection
	GlobalSection(ExtensibilityGlobals) = postSolution
		SolutionGuid = {D7E33BDA-12C0-43C7-AAA4-D0F5FE126B72}
	EndGlobalSection
EndGlobal
